// !$*UTF8*$!
{
	archiveVersion = 1;
	classes = {
	};
	objectVersion = 46;
	objects = {

/* Begin PBXBuildFile section */
		E4680592197CCD1F007DDB6A /* Foundation.framework in Frameworks */ = {isa = PBXBuildFile; fileRef = E4680591197CCD1F007DDB6A /* Foundation.framework */; };
		E4680594197CCD1F007DDB6A /* CoreGraphics.framework in Frameworks */ = {isa = PBXBuildFile; fileRef = E4680593197CCD1F007DDB6A /* CoreGraphics.framework */; };
		E4680596197CCD1F007DDB6A /* UIKit.framework in Frameworks */ = {isa = PBXBuildFile; fileRef = E4680595197CCD1F007DDB6A /* UIKit.framework */; };
		E468059C197CCD1F007DDB6A /* InfoPlist.strings in Resources */ = {isa = PBXBuildFile; fileRef = E468059A197CCD1F007DDB6A /* InfoPlist.strings */; };
		E468059E197CCD1F007DDB6A /* main.m in Sources */ = {isa = PBXBuildFile; fileRef = E468059D197CCD1F007DDB6A /* main.m */; };
		E46805A2197CCD1F007DDB6A /* ZWAppDelegate.m in Sources */ = {isa = PBXBuildFile; fileRef = E46805A1197CCD1F007DDB6A /* ZWAppDelegate.m */; };
		E46805A4197CCD1F007DDB6A /* Images.xcassets in Resources */ = {isa = PBXBuildFile; fileRef = E46805A3197CCD1F007DDB6A /* Images.xcassets */; };
		E46805AB197CCD1F007DDB6A /* XCTest.framework in Frameworks */ = {isa = PBXBuildFile; fileRef = E46805AA197CCD1F007DDB6A /* XCTest.framework */; };
		E46805AC197CCD1F007DDB6A /* Foundation.framework in Frameworks */ = {isa = PBXBuildFile; fileRef = E4680591197CCD1F007DDB6A /* Foundation.framework */; };
		E46805AD197CCD1F007DDB6A /* UIKit.framework in Frameworks */ = {isa = PBXBuildFile; fileRef = E4680595197CCD1F007DDB6A /* UIKit.framework */; };
		E46805B5197CCD1F007DDB6A /* InfoPlist.strings in Resources */ = {isa = PBXBuildFile; fileRef = E46805B3197CCD1F007DDB6A /* InfoPlist.strings */; };
		E46805B7197CCD1F007DDB6A /* zhwProjectTests.m in Sources */ = {isa = PBXBuildFile; fileRef = E46805B6197CCD1F007DDB6A /* zhwProjectTests.m */; };
/* End PBXBuildFile section */

/* Begin PBXContainerItemProxy section */
		E46805AE197CCD1F007DDB6A /* PBXContainerItemProxy */ = {
			isa = PBXContainerItemProxy;
			containerPortal = E4680586197CCD1F007DDB6A /* Project object */;
			proxyType = 1;
			remoteGlobalIDString = E468058D197CCD1F007DDB6A;
			remoteInfo = zhwProject;
		};
/* End PBXContainerItemProxy section */

/* Begin PBXFileReference section */
		E468058E197CCD1F007DDB6A /* zhwProject.app */ = {isa = PBXFileReference; explicitFileType = wrapper.application; includeInIndex = 0; path = zhwProject.app; sourceTree = BUILT_PRODUCTS_DIR; };
		E4680591197CCD1F007DDB6A /* Foundation.framework */ = {isa = PBXFileReference; lastKnownFileType = wrapper.framework; name = Foundation.framework; path = System/Library/Frameworks/Foundation.framework; sourceTree = SDKROOT; };
		E4680593197CCD1F007DDB6A /* CoreGraphics.framework */ = {isa = PBXFileReference; lastKnownFileType = wrapper.framework; name = CoreGraphics.framework; path = System/Library/Frameworks/CoreGraphics.framework; sourceTree = SDKROOT; };
		E4680595197CCD1F007DDB6A /* UIKit.framework */ = {isa = PBXFileReference; lastKnownFileType = wrapper.framework; name = UIKit.framework; path = System/Library/Frameworks/UIKit.framework; sourceTree = SDKROOT; };
		E4680599197CCD1F007DDB6A /* zhwProject-Info.plist */ = {isa = PBXFileReference; lastKnownFileType = text.plist.xml; path = "zhwProject-Info.plist"; sourceTree = "<group>"; };
		E468059B197CCD1F007DDB6A /* en */ = {isa = PBXFileReference; lastKnownFileType = text.plist.strings; name = en; path = en.lproj/InfoPlist.strings; sourceTree = "<group>"; };
		E468059D197CCD1F007DDB6A /* main.m */ = {isa = PBXFileReference; lastKnownFileType = sourcecode.c.objc; path = main.m; sourceTree = "<group>"; };
		E468059F197CCD1F007DDB6A /* zhwProject-Prefix.pch */ = {isa = PBXFileReference; lastKnownFileType = sourcecode.c.h; path = "zhwProject-Prefix.pch"; sourceTree = "<group>"; };
		E46805A0197CCD1F007DDB6A /* ZWAppDelegate.h */ = {isa = PBXFileReference; lastKnownFileType = sourcecode.c.h; path = ZWAppDelegate.h; sourceTree = "<group>"; };
		E46805A1197CCD1F007DDB6A /* ZWAppDelegate.m */ = {isa = PBXFileReference; lastKnownFileType = sourcecode.c.objc; path = ZWAppDelegate.m; sourceTree = "<group>"; };
		E46805A3197CCD1F007DDB6A /* Images.xcassets */ = {isa = PBXFileReference; lastKnownFileType = folder.assetcatalog; path = Images.xcassets; sourceTree = "<group>"; };
		E46805A9197CCD1F007DDB6A /* zhwProjectTests.xctest */ = {isa = PBXFileReference; explicitFileType = wrapper.cfbundle; includeInIndex = 0; path = zhwProjectTests.xctest; sourceTree = BUILT_PRODUCTS_DIR; };
		E46805AA197CCD1F007DDB6A /* XCTest.framework */ = {isa = PBXFileReference; lastKnownFileType = wrapper.framework; name = XCTest.framework; path = Library/Frameworks/XCTest.framework; sourceTree = DEVELOPER_DIR; };
		E46805B2197CCD1F007DDB6A /* zhwProjectTests-Info.plist */ = {isa = PBXFileReference; lastKnownFileType = text.plist.xml; path = "zhwProjectTests-Info.plist"; sourceTree = "<group>"; };
		E46805B4197CCD1F007DDB6A /* en */ = {isa = PBXFileReference; lastKnownFileType = text.plist.strings; name = en; path = en.lproj/InfoPlist.strings; sourceTree = "<group>"; };
		E46805B6197CCD1F007DDB6A /* zhwProjectTests.m */ = {isa = PBXFileReference; lastKnownFileType = sourcecode.c.objc; path = zhwProjectTests.m; sourceTree = "<group>"; };
/* End PBXFileReference section */

/* Begin PBXFrameworksBuildPhase section */
		E468058B197CCD1F007DDB6A /* Frameworks */ = {
			isa = PBXFrameworksBuildPhase;
			buildActionMask = 2147483647;
			files = (
				E4680594197CCD1F007DDB6A /* CoreGraphics.framework in Frameworks */,
				E4680596197CCD1F007DDB6A /* UIKit.framework in Frameworks */,
				E4680592197CCD1F007DDB6A /* Foundation.framework in Frameworks */,
			);
			runOnlyForDeploymentPostprocessing = 0;
		};
		E46805A6197CCD1F007DDB6A /* Frameworks */ = {
			isa = PBXFrameworksBuildPhase;
			buildActionMask = 2147483647;
			files = (
				E46805AB197CCD1F007DDB6A /* XCTest.framework in Frameworks */,
				E46805AD197CCD1F007DDB6A /* UIKit.framework in Frameworks */,
				E46805AC197CCD1F007DDB6A /* Foundation.framework in Frameworks */,
			);
			runOnlyForDeploymentPostprocessing = 0;
		};
/* End PBXFrameworksBuildPhase section */

/* Begin PBXGroup section */
		E4680585197CCD1F007DDB6A = {
			isa = PBXGroup;
			children = (
				E4680597197CCD1F007DDB6A /* zhwProject */,
				E46805B0197CCD1F007DDB6A /* zhwProjectTests */,
				E4680590197CCD1F007DDB6A /* Frameworks */,
				E468058F197CCD1F007DDB6A /* Products */,
			);
			sourceTree = "<group>";
		};
		E468058F197CCD1F007DDB6A /* Products */ = {
			isa = PBXGroup;
			children = (
				E468058E197CCD1F007DDB6A /* zhwProject.app */,
				E46805A9197CCD1F007DDB6A /* zhwProjectTests.xctest */,
			);
			name = Products;
			sourceTree = "<group>";
		};
		E4680590197CCD1F007DDB6A /* Frameworks */ = {
			isa = PBXGroup;
			children = (
				E4680591197CCD1F007DDB6A /* Foundation.framework */,
				E4680593197CCD1F007DDB6A /* CoreGraphics.framework */,
				E4680595197CCD1F007DDB6A /* UIKit.framework */,
				E46805AA197CCD1F007DDB6A /* XCTest.framework */,
			);
			name = Frameworks;
			sourceTree = "<group>";
		};
		E4680597197CCD1F007DDB6A /* zhwProject */ = {
			isa = PBXGroup;
			children = (
				E46805A0197CCD1F007DDB6A /* ZWAppDelegate.h */,
				E46805A1197CCD1F007DDB6A /* ZWAppDelegate.m */,
				E46805A3197CCD1F007DDB6A /* Images.xcassets */,
				E4680598197CCD1F007DDB6A /* Supporting Files */,
			);
			path = zhwProject;
			sourceTree = "<group>";
		};
		E4680598197CCD1F007DDB6A /* Supporting Files */ = {
			isa = PBXGroup;
			children = (
				E4680599197CCD1F007DDB6A /* zhwProject-Info.plist */,
				E468059A197CCD1F007DDB6A /* InfoPlist.strings */,
				E468059D197CCD1F007DDB6A /* main.m */,
				E468059F197CCD1F007DDB6A /* zhwProject-Prefix.pch */,
			);
			name = "Supporting Files";
			sourceTree = "<group>";
		};
		E46805B0197CCD1F007DDB6A /* zhwProjectTests */ = {
			isa = PBXGroup;
			children = (
				E46805B6197CCD1F007DDB6A /* zhwProjectTests.m */,
				E46805B1197CCD1F007DDB6A /* Supporting Files */,
			);
			path = zhwProjectTests;
			sourceTree = "<group>";
		};
		E46805B1197CCD1F007DDB6A /* Supporting Files */ = {
			isa = PBXGroup;
			children = (
				E46805B2197CCD1F007DDB6A /* zhwProjectTests-Info.plist */,
				E46805B3197CCD1F007DDB6A /* InfoPlist.strings */,
			);
			name = "Supporting Files";
			sourceTree = "<group>";
		};
/* End PBXGroup section */

/* Begin PBXNativeTarget section */
		E468058D197CCD1F007DDB6A /* zhwProject */ = {
			isa = PBXNativeTarget;
			buildConfigurationList = E46805BA197CCD1F007DDB6A /* Build configuration list for PBXNativeTarget "zhwProject" */;
			buildPhases = (
				E468058A197CCD1F007DDB6A /* Sources */,
				E468058B197CCD1F007DDB6A /* Frameworks */,
				E468058C197CCD1F007DDB6A /* Resources */,
			);
			buildRules = (
			);
			dependencies = (
			);
			name = zhwProject;
			productName = zhwProject;
			productReference = E468058E197CCD1F007DDB6A /* zhwProject.app */;
			productType = "com.apple.product-type.application";
		};
		E46805A8197CCD1F007DDB6A /* zhwProjectTests */ = {
			isa = PBXNativeTarget;
			buildConfigurationList = E46805BD197CCD1F007DDB6A /* Build configuration list for PBXNativeTarget "zhwProjectTests" */;
			buildPhases = (
				E46805A5197CCD1F007DDB6A /* Sources */,
				E46805A6197CCD1F007DDB6A /* Frameworks */,
				E46805A7197CCD1F007DDB6A /* Resources */,
			);
			buildRules = (
			);
			dependencies = (
				E46805AF197CCD1F007DDB6A /* PBXTargetDependency */,
			);
			name = zhwProjectTests;
			productName = zhwProjectTests;
			productReference = E46805A9197CCD1F007DDB6A /* zhwProjectTests.xctest */;
			productType = "com.apple.product-type.bundle.unit-test";
		};
/* End PBXNativeTarget section */

/* Begin PBXProject section */
		E4680586197CCD1F007DDB6A /* Project object */ = {
			isa = PBXProject;
			attributes = {
				CLASSPREFIX = ZW;
				LastUpgradeCheck = 0510;
				ORGANIZATIONNAME = "zhu hong wei";
				TargetAttributes = {
					E46805A8197CCD1F007DDB6A = {
						TestTargetID = E468058D197CCD1F007DDB6A;
					};
				};
			};
			buildConfigurationList = E4680589197CCD1F007DDB6A /* Build configuration list for PBXProject "zhwProject" */;
			compatibilityVersion = "Xcode 3.2";
			developmentRegion = English;
			hasScannedForEncodings = 0;
			knownRegions = (
				en,
			);
			mainGroup = E4680585197CCD1F007DDB6A;
			productRefGroup = E468058F197CCD1F007DDB6A /* Products */;
			projectDirPath = "";
			projectRoot = "";
			targets = (
				E468058D197CCD1F007DDB6A /* zhwProject */,
				E46805A8197CCD1F007DDB6A /* zhwProjectTests */,
			);
		};
/* End PBXProject section */

/* Begin PBXResourcesBuildPhase section */
		E468058C197CCD1F007DDB6A /* Resources */ = {
			isa = PBXResourcesBuildPhase;
			buildActionMask = 2147483647;
			files = (
				E468059C197CCD1F007DDB6A /* InfoPlist.strings in Resources */,
				E46805A4197CCD1F007DDB6A /* Images.xcassets in Resources */,
			);
			runOnlyForDeploymentPostprocessing = 0;
		};
		E46805A7197CCD1F007DDB6A /* Resources */ = {
			isa = PBXResourcesBuildPhase;
			buildActionMask = 2147483647;
			files = (
				E46805B5197CCD1F007DDB6A /* InfoPlist.strings in Resources */,
			);
			runOnlyForDeploymentPostprocessing = 0;
		};
/* End PBXResourcesBuildPhase section */

/* Begin PBXSourcesBuildPhase section */
		E468058A197CCD1F007DDB6A /* Sources */ = {
			isa = PBXSourcesBuildPhase;
			buildActionMask = 2147483647;
			files = (
				E468059E197CCD1F007DDB6A /* main.m in Sources */,
				E46805A2197CCD1F007DDB6A /* ZWAppDelegate.m in Sources */,
			);
			runOnlyForDeploymentPostprocessing = 0;
		};
		E46805A5197CCD1F007DDB6A /* Sources */ = {
			isa = PBXSourcesBuildPhase;
			buildActionMask = 2147483647;
			files = (
				E46805B7197CCD1F007DDB6A /* zhwProjectTests.m in Sources */,
			);
			runOnlyForDeploymentPostprocessing = 0;
		};
/* End PBXSourcesBuildPhase section */

/* Begin PBXTargetDependency section */
		E46805AF197CCD1F007DDB6A /* PBXTargetDependency */ = {
			isa = PBXTargetDependency;
			target = E468058D197CCD1F007DDB6A /* zhwProject */;
			targetProxy = E46805AE197CCD1F007DDB6A /* PBXContainerItemProxy */;
		};
/* End PBXTargetDependency section */

/* Begin PBXVariantGroup section */
		E468059A197CCD1F007DDB6A /* InfoPlist.strings */ = {
			isa = PBXVariantGroup;
			children = (
				E468059B197CCD1F007DDB6A /* en */,
			);
			name = InfoPlist.strings;
			sourceTree = "<group>";
		};
		E46805B3197CCD1F007DDB6A /* InfoPlist.strings */ = {
			isa = PBXVariantGroup;
			children = (
				E46805B4197CCD1F007DDB6A /* en */,
			);
			name = InfoPlist.strings;
			sourceTree = "<group>";
		};
/* End PBXVariantGroup section */

/* Begin XCBuildConfiguration section */
		E46805B8197CCD1F007DDB6A /* Debug */ = {
			isa = XCBuildConfiguration;
			buildSettings = {
				ALWAYS_SEARCH_USER_PATHS = NO;
				CLANG_CXX_LANGUAGE_STANDARD = "gnu++0x";
				CLANG_CXX_LIBRARY = "libc++";
				CLANG_ENABLE_MODULES = YES;
				CLANG_ENABLE_OBJC_ARC = YES;
				CLANG_WARN_BOOL_CONVERSION = YES;
				CLANG_WARN_CONSTANT_CONVERSION = YES;
				CLANG_WARN_DIRECT_OBJC_ISA_USAGE = YES_ERROR;
				CLANG_WARN_EMPTY_BODY = YES;
				CLANG_WARN_ENUM_CONVERSION = YES;
				CLANG_WARN_INT_CONVERSION = YES;
				CLANG_WARN_OBJC_ROOT_CLASS = YES_ERROR;
				CLANG_WARN__DUPLICATE_METHOD_MATCH = YES;
				"CODE_SIGN_IDENTITY[sdk=iphoneos*]" = "iPhone Developer";
				COPY_PHASE_STRIP = NO;
				GCC_C_LANGUAGE_STANDARD = gnu99;
				GCC_DYNAMIC_NO_PIC = NO;
				GCC_OPTIMIZATION_LEVEL = 0;
				GCC_PREPROCESSOR_DEFINITIONS = (
					"DEBUG=1",
					"$(inherited)",
				);
				GCC_SYMBOLS_PRIVATE_EXTERN = NO;
				GCC_WARN_64_TO_32_BIT_CONVERSION = YES;
				GCC_WARN_ABOUT_RETURN_TYPE = YES_ERROR;
				GCC_WARN_UNDECLARED_SELECTOR = YES;
				GCC_WARN_UNINITIALIZED_AUTOS = YES_AGGRESSIVE;
				GCC_WARN_UNUSED_FUNCTION = YES;
				GCC_WARN_UNUSED_VARIABLE = YES;
				IPHONEOS_DEPLOYMENT_TARGET = 7.1;
				ONLY_ACTIVE_ARCH = YES;
				SDKROOT = iphoneos;
			};
			name = Debug;
		};
		E46805B9197CCD1F007DDB6A /* Release */ = {
			isa = XCBuildConfiguration;
			buildSettings = {
				ALWAYS_SEARCH_USER_PATHS = NO;
				CLANG_CXX_LANGUAGE_STANDARD = "gnu++0x";
				CLANG_CXX_LIBRARY = "libc++";
				CLANG_ENABLE_MODULES = YES;
				CLANG_ENABLE_OBJC_ARC = YES;
				CLANG_WARN_BOOL_CONVERSION = YES;
				CLANG_WARN_CONSTANT_CONVERSION = YES;
				CLANG_WARN_DIRECT_OBJC_ISA_USAGE = YES_ERROR;
				CLANG_WARN_EMPTY_BODY = YES;
				CLANG_WARN_ENUM_CONVERSION = YES;
				CLANG_WARN_INT_CONVERSION = YES;
				CLANG_WARN_OBJC_ROOT_CLASS = YES_ERROR;
				CLANG_WARN__DUPLICATE_METHOD_MATCH = YES;
				"CODE_SIGN_IDENTITY[sdk=iphoneos*]" = "iPhone Developer";
				COPY_PHASE_STRIP = YES;
				ENABLE_NS_ASSERTIONS = NO;
				GCC_C_LANGUAGE_STANDARD = gnu99;
				GCC_WARN_64_TO_32_BIT_CONVERSION = YES;
				GCC_WARN_ABOUT_RETURN_TYPE = YES_ERROR;
				GCC_WARN_UNDECLARED_SELECTOR = YES;
				GCC_WARN_UNINITIALIZED_AUTOS = YES_AGGRESSIVE;
				GCC_WARN_UNUSED_FUNCTION = YES;
				GCC_WARN_UNUSED_VARIABLE = YES;
				IPHONEOS_DEPLOYMENT_TARGET = 7.1;
				SDKROOT = iphoneos;
				VALIDATE_PRODUCT = YES;
			};
			name = Release;
		};
		E46805BB197CCD1F007DDB6A /* Debug */ = {
			isa = XCBuildConfiguration;
			buildSettings = {
				ASSETCATALOG_COMPILER_APPICON_NAME = AppIcon;
				ASSETCATALOG_COMPILER_LAUNCHIMAGE_NAME = LaunchImage;
				GCC_PRECOMPILE_PREFIX_HEADER = YES;
				GCC_PREFIX_HEADER = "zhwProject/zhwProject-Prefix.pch";
				INFOPLIST_FILE = "zhwProject/zhwProject-Info.plist";
				PRODUCT_NAME = "$(TARGET_NAME)";
				WRAPPER_EXTENSION = app;
			};
			name = Debug;
		};
		E46805BC197CCD1F007DDB6A /* Release */ = {
			isa = XCBuildConfiguration;
			buildSettings = {
				ASSETCATALOG_COMPILER_APPICON_NAME = AppIcon;
				ASSETCATALOG_COMPILER_LAUNCHIMAGE_NAME = LaunchImage;
				GCC_PRECOMPILE_PREFIX_HEADER = YES;
				GCC_PREFIX_HEADER = "zhwProject/zhwProject-Prefix.pch";
				INFOPLIST_FILE = "zhwProject/zhwProject-Info.plist";
				PRODUCT_NAME = "$(TARGET_NAME)";
				WRAPPER_EXTENSION = app;
			};
			name = Release;
		};
		E46805BE197CCD1F007DDB6A /* Debug */ = {
			isa = XCBuildConfiguration;
			buildSettings = {
				BUNDLE_LOADER = "$(BUILT_PRODUCTS_DIR)/zhwProject.app/zhwProject";
				FRAMEWORK_SEARCH_PATHS = (
					"$(SDKROOT)/Developer/Library/Frameworks",
					"$(inherited)",
					"$(DEVELOPER_FRAMEWORKS_DIR)",
				);
				GCC_PRECOMPILE_PREFIX_HEADER = YES;
				GCC_PREFIX_HEADER = "zhwProject/zhwProject-Prefix.pch";
				GCC_PREPROCESSOR_DEFINITIONS = (
					"DEBUG=1",
					"$(inherited)",
				);
				INFOPLIST_FILE = "zhwProjectTests/zhwProjectTests-Info.plist";
				PRODUCT_NAME = "$(TARGET_NAME)";
				TEST_HOST = "$(BUNDLE_LOADER)";
				WRAPPER_EXTENSION = xctest;
			};
			name = Debug;
		};
		E46805BF197CCD1F007DDB6A /* Release */ = {
			isa = XCBuildConfiguration;
			buildSettings = {
				BUNDLE_LOADER = "$(BUILT_PRODUCTS_DIR)/zhwProject.app/zhwProject";
				FRAMEWORK_SEARCH_PATHS = (
					"$(SDKROOT)/Developer/Library/Frameworks",
					"$(inherited)",
					"$(DEVELOPER_FRAMEWORKS_DIR)",
				);
				GCC_PRECOMPILE_PREFIX_HEADER = YES;
				GCC_PREFIX_HEADER = "zhwProject/zhwProject-Prefix.pch";
				INFOPLIST_FILE = "zhwProjectTests/zhwProjectTests-Info.plist";
				PRODUCT_NAME = "$(TARGET_NAME)";
				TEST_HOST = "$(BUNDLE_LOADER)";
				WRAPPER_EXTENSION = xctest;
			};
			name = Release;
		};
/* End XCBuildConfiguration section */

/* Begin XCConfigurationList section */
		E4680589197CCD1F007DDB6A /* Build configuration list for PBXProject "zhwProject" */ = {
			isa = XCConfigurationList;
			buildConfigurations = (
				E46805B8197CCD1F007DDB6A /* Debug */,
				E46805B9197CCD1F007DDB6A /* Release */,
			);
			defaultConfigurationIsVisible = 0;
			defaultConfigurationName = Release;
		};
		E46805BA197CCD1F007DDB6A /* Build configuration list for PBXNativeTarget "zhwProject" */ = {
			isa = XCConfigurationList;
			buildConfigurations = (
				E46805BB197CCD1F007DDB6A /* Debug */,
				E46805BC197CCD1F007DDB6A /* Release */,
			);
			defaultConfigurationIsVisible = 0;
		};
		E46805BD197CCD1F007DDB6A /* Build configuration list for PBXNativeTarget "zhwProjectTests" */ = {
			isa = XCConfigurationList;
			buildConfigurations = (
				E46805BE197CCD1F007DDB6A /* Debug */,
				E46805BF197CCD1F007DDB6A /* Release */,
			);
			defaultConfigurationIsVisible = 0;
		};
/* End XCConfigurationList section */
	};
	rootObject = E4680586197CCD1F007DDB6A /* Project object */;
}
